
Microsoft Visual Studio Solution File, Format Version 12.00
# Visual Studio Version 17
VisualStudioVersion = 17.0.32112.339
MinimumVisualStudioVersion = 10.0.40219.1
Project("{9A19103F-16F7-4668-BE54-9A1E7A4F7556}") = "WkHtmlConverter", "WkHtmlConverter\WkHtmlConverter.csproj", "{62D302AB-A60E-4543-89B2-EB3E197EA256}"
EndProject
Project("{FAE04EC0-301F-11D3-BF4B-00C04F79EFBC}") = "WkHtmlConverter.Tests", "WkHtmlConverter.Tests\WkHtmlConverter.Tests.csproj", "{43195897-E12F-46C0-9798-56C7083CF492}"
EndProject
Global
	GlobalSection(SolutionConfigurationPlatforms) = preSolution
		Debug|Any CPU = Debug|Any CPU
		Release|Any CPU = Release|Any CPU
	EndGlobalSection
	GlobalSection(ProjectConfigurationPlatforms) = postSolution
		{62D302AB-A60E-4543-89B2-EB3E197EA256}.Debug|Any CPU.ActiveCfg = Debug|Any CPU
		{62D302AB-A60E-4543-89B2-EB3E197EA256}.Debug|Any CPU.Build.0 = Debug|Any CPU
		{62D302AB-A60E-4543-89B2-EB3E197EA256}.Release|Any CPU.ActiveCfg = Release|Any CPU
		{62D302AB-A60E-4543-89B2-EB3E197EA256}.Release|Any CPU.Build.0 = Release|Any CPU
		{43195897-E12F-46C0-9798-56C7083CF492}.Debug|Any CPU.ActiveCfg = Debug|Any CPU
		{43195897-E12F-46C0-9798-56C7083CF492}.Debug|Any CPU.Build.0 = Debug|Any CPU
		{43195897-E12F-46C0-9798-56C7083CF492}.Release|Any CPU.ActiveCfg = Release|Any CPU
		{43195897-E12F-46C0-9798-56C7083CF492}.Release|Any CPU.Build.0 = Release|Any CPU
	EndGlobalSection
	GlobalSection(SolutionProperties) = preSolution
		HideSolutionNode = FALSE
	EndGlobalSection
	GlobalSection(ExtensibilityGlobals) = postSolution
		SolutionGuid = {A1EFB622-FDC7-4814-A165-3A7173BEE027}
	EndGlobalSection
EndGlobal
